
Microsoft Visual Studio Solution File, Format Version 12.00
# Visual Studio Version 17
VisualStudioVersion = 17.0.31903.59
MinimumVisualStudioVersion = 10.0.40219.1
Project("{2150E333-8FDC-42A3-9474-1A3956D46DE8}") = "src", "src", "{827E0CD3-B72D-47B6-A68D-7590B98EB39B}"
EndProject
Project("{2150E333-8FDC-42A3-9474-1A3956D46DE8}") = "core", "core", "{8D626EA8-CB54-BC41-363A-217881BEBA6E}"
EndProject
Project("{FAE04EC0-301F-11D3-BF4B-00C04F79EFBC}") = "MLS.Core", "src\core\MLS.Core\MLS.Core.csproj", "{D894C39F-18A8-4BEA-ACDD-6C7DBD796E59}"
EndProject
Project("{FAE04EC0-301F-11D3-BF4B-00C04F79EFBC}") = "MLS.Core.Tests", "src\core\MLS.Core.Tests\MLS.Core.Tests.csproj", "{834D6ADD-77AA-4737-B3D8-0003BDC5AA21}"
EndProject
Project("{2150E333-8FDC-42A3-9474-1A3956D46DE8}") = "block-controller", "block-controller", "{8F507BB6-8C32-52F1-3AF0-D5ED6F9D4650}"
EndProject
Project("{FAE04EC0-301F-11D3-BF4B-00C04F79EFBC}") = "MLS.BlockController", "src\block-controller\MLS.BlockController\MLS.BlockController.csproj", "{8A24EE83-73E3-4617-B11F-A2389412ABD5}"
EndProject
Project("{FAE04EC0-301F-11D3-BF4B-00C04F79EFBC}") = "MLS.BlockController.Tests", "src\block-controller\MLS.BlockController.Tests\MLS.BlockController.Tests.csproj", "{E1BE53A4-8671-45C7-9235-E0C840351822}"
EndProject
Project("{2150E333-8FDC-42A3-9474-1A3956D46DE8}") = "designer", "designer", "{A1F3C2D5-8B4E-4A7F-B1D2-3E5F6A7B8C9D}"
EndProject
Project("{FAE04EC0-301F-11D3-BF4B-00C04F79EFBC}") = "MLS.Designer", "src\modules\designer\MLS.Designer\MLS.Designer.csproj", "{B2E4D6F8-1A3C-5E7F-9B2D-4F6A8C0E2B4D}"
EndProject
Project("{FAE04EC0-301F-11D3-BF4B-00C04F79EFBC}") = "MLS.Designer.Tests", "src\modules\designer\MLS.Designer.Tests\MLS.Designer.Tests.csproj", "{C3F5E7A9-2B4D-6F8A-0C3E-5A7B9D1F3E5A}"
EndProject
Project("{2150E333-8FDC-42A3-9474-1A3956D46DE8}") = "ai-hub", "ai-hub", "{D4E6F8A0-3C5E-7A9C-1D4F-6A8B0C2E4F6A}"
EndProject
Project("{FAE04EC0-301F-11D3-BF4B-00C04F79EFBC}") = "MLS.AIHub", "src\modules\ai-hub\MLS.AIHub\MLS.AIHub.csproj", "{E5F7A9B1-4D6F-8B0D-2E5A-7C9D1E3F5A7B}"
EndProject
Project("{FAE04EC0-301F-11D3-BF4B-00C04F79EFBC}") = "MLS.AIHub.Tests", "src\modules\ai-hub\MLS.AIHub.Tests\MLS.AIHub.Tests.csproj", "{F6A8B0C2-5E7A-9C1E-3F6B-8D0E2F4A6B8C}"
EndProject
Project("{2150E333-8FDC-42A3-9474-1A3956D46DE8}") = "web-app", "web-app", "{A7B9C1D3-5E7F-9A2C-4D6E-8F0A2B4C6D8E}"
EndProject
Project("{FAE04EC0-301F-11D3-BF4B-00C04F79EFBC}") = "WebApp", "src\web-app\WebApp\WebApp.csproj", "{B8C0D2E4-6F8A-0B3D-5E7F-9A1C3D5E7F9A}"
EndProject
Project("{2150E333-8FDC-42A3-9474-1A3956D46DE8}") = "modules", "modules", "{EC447DCF-ABFA-6E24-52A5-D7FD48A5C558}"
EndProject
Project("{2150E333-8FDC-42A3-9474-1A3956D46DE8}") = "data-layer", "data-layer", "{C220CD10-BE45-7C37-FF4E-88FF3F6BF519}"
EndProject
Project("{FAE04EC0-301F-11D3-BF4B-00C04F79EFBC}") = "MLS.DataLayer", "src\modules\data-layer\MLS.DataLayer\MLS.DataLayer.csproj", "{B850CE81-EB90-4A3A-ABA0-F91F44AB2C9F}"
EndProject
Project("{FAE04EC0-301F-11D3-BF4B-00C04F79EFBC}") = "MLS.DataLayer.Tests", "src\modules\data-layer\MLS.DataLayer.Tests\MLS.DataLayer.Tests.csproj", "{37A6FD5C-E81F-4573-9C12-1684C44BD0DB}"
EndProject
Project("{2150E333-8FDC-42A3-9474-1A3956D46DE8}") = "arbitrager", "arbitrager", "{A1B2C3D4-E5F6-7890-ABCD-EF1234567890}"
EndProject
Project("{FAE04EC0-301F-11D3-BF4B-00C04F79EFBC}") = "MLS.Arbitrager", "src\modules\arbitrager\MLS.Arbitrager\MLS.Arbitrager.csproj", "{B2C3D4E5-F6A7-8901-BCDE-F01234567891}"
EndProject
Project("{FAE04EC0-301F-11D3-BF4B-00C04F79EFBC}") = "MLS.Arbitrager.Tests", "src\modules\arbitrager\MLS.Arbitrager.Tests\MLS.Arbitrager.Tests.csproj", "{C3D4E5F6-A7B8-9012-CDEF-012345678912}"
EndProject
Project("{2150E333-8FDC-42A3-9474-1A3956D46DE8}") = "broker", "broker", "{E56D5450-B489-45CA-9D10-5BFE58209F4D}"
EndProject
Project("{FAE04EC0-301F-11D3-BF4B-00C04F79EFBC}") = "MLS.Broker", "src\modules\broker\MLS.Broker\MLS.Broker.csproj", "{4D8493AC-A9C1-4D10-BB90-E8DD8399FAEB}"
EndProject
Project("{FAE04EC0-301F-11D3-BF4B-00C04F79EFBC}") = "MLS.Broker.Tests", "src\modules\broker\MLS.Broker.Tests\MLS.Broker.Tests.csproj", "{D13C1AF0-E132-4B5C-ACDB-3F32C9F4194B}"
EndProject
Project("{2150E333-8FDC-42A3-9474-1A3956D46DE8}") = "transactions", "transactions", "{A9B1C3D5-7E9F-1B3D-5F7A-9B1C3D5E7F9B}"
EndProject
Project("{FAE04EC0-301F-11D3-BF4B-00C04F79EFBC}") = "MLS.Transactions", "src\modules\transactions\MLS.Transactions\MLS.Transactions.csproj", "{C1D3E5F7-9B1D-3F5A-7C9E-1D3F5A7B9C1D}"
EndProject
Project("{FAE04EC0-301F-11D3-BF4B-00C04F79EFBC}") = "MLS.Transactions.Tests", "src\modules\transactions\MLS.Transactions.Tests\MLS.Transactions.Tests.csproj", "{D2E4F6A8-0C2E-4A6C-8E0F-2A4C6E8A0C2E}"
EndProject
Project("{2150E333-8FDC-42A3-9474-1A3956D46DE8}") = "benchmarks", "benchmarks", "{A8B0C2D4-6E8F-0A2C-4D6E-8F0A2B4C6D8E}"
EndProject
Project("{FAE04EC0-301F-11D3-BF4B-00C04F79EFBC}") = "MLS.Benchmarks", "src\benchmarks\MLS.Benchmarks.csproj", "{B9C1D3E5-7F9A-1B3D-5E7F-9A1C3D5E7F9A}"
EndProject
Project("{2150E333-8FDC-42A3-9474-1A3956D46DE8}") = "network-modules", "network-modules", "{44EC672F-1C13-247C-AFC5-BBF13FD04818}"
EndProject
Project("{2150E333-8FDC-42A3-9474-1A3956D46DE8}") = "unique-id-generator", "unique-id-generator", "{317A52CE-730A-F256-4D7F-07F37C9D4C0C}"
EndProject
Project("{FAE04EC0-301F-11D3-BF4B-00C04F79EFBC}") = "MLS.Network.UniqueIdGenerator", "src\network-modules\unique-id-generator\MLS.Network.UniqueIdGenerator\MLS.Network.UniqueIdGenerator.csproj", "{00258903-67CC-4DD8-98CA-BAF1B371E564}"
EndProject
Project("{FAE04EC0-301F-11D3-BF4B-00C04F79EFBC}") = "MLS.Network.UniqueIdGenerator.Tests", "src\network-modules\unique-id-generator\MLS.Network.UniqueIdGenerator.Tests\MLS.Network.UniqueIdGenerator.Tests.csproj", "{822D0AFE-A5A0-42DF-A4EF-F2B312A04229}"
EndProject
Project("{2150E333-8FDC-42A3-9474-1A3956D46DE8}") = "task-id-generator", "task-id-generator", "{E61D79A8-7616-5309-151C-B3A525F4D863}"
EndProject
Project("{FAE04EC0-301F-11D3-BF4B-00C04F79EFBC}") = "MLS.Network.TaskIdGenerator", "src\network-modules\task-id-generator\MLS.Network.TaskIdGenerator\MLS.Network.TaskIdGenerator.csproj", "{C34F724F-FB5F-4222-A79E-01EE00E5147C}"
EndProject
Project("{FAE04EC0-301F-11D3-BF4B-00C04F79EFBC}") = "MLS.Network.TaskIdGenerator.Tests", "src\network-modules\task-id-generator\MLS.Network.TaskIdGenerator.Tests\MLS.Network.TaskIdGenerator.Tests.csproj", "{3761F5F4-E2EA-4B0E-915D-BC6003C8EB6A}"
EndProject
Project("{2150E333-8FDC-42A3-9474-1A3956D46DE8}") = "subscription-manager", "subscription-manager", "{9BCC4063-85AC-5885-6BC2-1441593DD23C}"
EndProject
Project("{FAE04EC0-301F-11D3-BF4B-00C04F79EFBC}") = "MLS.Network.SubscriptionManager", "src\network-modules\subscription-manager\MLS.Network.SubscriptionManager\MLS.Network.SubscriptionManager.csproj", "{5D21942B-B0D0-4595-9C73-E8CE4689BEB9}"
EndProject
Project("{FAE04EC0-301F-11D3-BF4B-00C04F79EFBC}") = "MLS.Network.SubscriptionManager.Tests", "src\network-modules\subscription-manager\MLS.Network.SubscriptionManager.Tests\MLS.Network.SubscriptionManager.Tests.csproj", "{B43798C2-C7A8-44B2-A0F5-D7C8C54EFA0B}"
EndProject
Project("{2150E333-8FDC-42A3-9474-1A3956D46DE8}") = "runtime", "runtime", "{D428ABAE-2791-7F8C-85E2-E71BE362738D}"
EndProject
Project("{FAE04EC0-301F-11D3-BF4B-00C04F79EFBC}") = "MLS.Network.Runtime", "src\network-modules\runtime\MLS.Network.Runtime\MLS.Network.Runtime.csproj", "{DB076BEE-510B-47C5-8BAE-077A9CACD9AC}"
EndProject
Project("{FAE04EC0-301F-11D3-BF4B-00C04F79EFBC}") = "MLS.Network.Runtime.Tests", "src\network-modules\runtime\MLS.Network.Runtime.Tests\MLS.Network.Runtime.Tests.csproj", "{EA39E02A-BE15-4C44-BB65-DAFB6A44C62B}"
EndProject
Project("{2150E333-8FDC-42A3-9474-1A3956D46DE8}") = "virtual-machine", "virtual-machine", "{999BDF5D-9A3C-C146-D1C1-334263E45E63}"
EndProject
Project("{FAE04EC0-301F-11D3-BF4B-00C04F79EFBC}") = "MLS.Network.VirtualMachine", "src\network-modules\virtual-machine\MLS.Network.VirtualMachine\MLS.Network.VirtualMachine.csproj", "{E0D3A694-10D4-4A36-A721-1CB851CF8EEF}"
EndProject
Project("{FAE04EC0-301F-11D3-BF4B-00C04F79EFBC}") = "MLS.Network.VirtualMachine.Tests", "src\network-modules\virtual-machine\MLS.Network.VirtualMachine.Tests\MLS.Network.VirtualMachine.Tests.csproj", "{4A9C1336-AB80-4C96-B71D-D2514618617B}"
EndProject
Project("{2150E333-8FDC-42A3-9474-1A3956D46DE8}") = "container-registry", "container-registry", "{74FF16AB-BC22-3F8F-080F-53C115E50A64}"
EndProject
Project("{FAE04EC0-301F-11D3-BF4B-00C04F79EFBC}") = "MLS.Network.ContainerRegistry", "src\network-modules\container-registry\MLS.Network.ContainerRegistry\MLS.Network.ContainerRegistry.csproj", "{8E3692A7-0B9E-49F7-83ED-DD8EC830016F}"
EndProject
Project("{FAE04EC0-301F-11D3-BF4B-00C04F79EFBC}") = "MLS.Network.ContainerRegistry.Tests", "src\network-modules\container-registry\MLS.Network.ContainerRegistry.Tests\MLS.Network.ContainerRegistry.Tests.csproj", "{B1AB9E50-3758-423E-92D6-3EAD7F43DEA0}"
EndProject
Project("{2150E333-8FDC-42A3-9474-1A3956D46DE8}") = "network-mask", "network-mask", "{625089DB-9108-CFFD-5F49-F679D10B802C}"
EndProject
Project("{FAE04EC0-301F-11D3-BF4B-00C04F79EFBC}") = "MLS.Network.NetworkMask", "src\network-modules\network-mask\MLS.Network.NetworkMask\MLS.Network.NetworkMask.csproj", "{31220375-0F96-4F4C-AECE-8922DFAB3644}"
EndProject
Project("{FAE04EC0-301F-11D3-BF4B-00C04F79EFBC}") = "MLS.Network.NetworkMask.Tests", "src\network-modules\network-mask\MLS.Network.NetworkMask.Tests\MLS.Network.NetworkMask.Tests.csproj", "{E2244C06-B771-46DE-8960-AF8B3C17AC20}"
Project("{2150E333-8FDC-42A3-9474-1A3956D46DE8}") = "workflow-runner", "workflow-runner", "{E3F5A7C9-1D3F-5A7C-9E1D-3F5A7C9E1D3F}"
EndProject
Project("{FAE04EC0-301F-11D3-BF4B-00C04F79EFBC}") = "MLS.WorkflowRunner", "src\workflow-runner\MLS.WorkflowRunner\MLS.WorkflowRunner.csproj", "{F4A6B8D0-2E4F-6A8C-0E2F-4A6B8D0E2F4A}"
EndProject
Global
	GlobalSection(SolutionConfigurationPlatforms) = preSolution
		Debug|Any CPU = Debug|Any CPU
		Debug|x64 = Debug|x64
		Debug|x86 = Debug|x86
		Release|Any CPU = Release|Any CPU
		Release|x64 = Release|x64
		Release|x86 = Release|x86
	EndGlobalSection
	GlobalSection(ProjectConfigurationPlatforms) = postSolution
		{D894C39F-18A8-4BEA-ACDD-6C7DBD796E59}.Debug|Any CPU.ActiveCfg = Debug|Any CPU
		{D894C39F-18A8-4BEA-ACDD-6C7DBD796E59}.Debug|Any CPU.Build.0 = Debug|Any CPU
		{D894C39F-18A8-4BEA-ACDD-6C7DBD796E59}.Debug|x64.ActiveCfg = Debug|Any CPU
		{D894C39F-18A8-4BEA-ACDD-6C7DBD796E59}.Debug|x64.Build.0 = Debug|Any CPU
		{D894C39F-18A8-4BEA-ACDD-6C7DBD796E59}.Debug|x86.ActiveCfg = Debug|Any CPU
		{D894C39F-18A8-4BEA-ACDD-6C7DBD796E59}.Debug|x86.Build.0 = Debug|Any CPU
		{D894C39F-18A8-4BEA-ACDD-6C7DBD796E59}.Release|Any CPU.ActiveCfg = Release|Any CPU
		{D894C39F-18A8-4BEA-ACDD-6C7DBD796E59}.Release|Any CPU.Build.0 = Release|Any CPU
		{D894C39F-18A8-4BEA-ACDD-6C7DBD796E59}.Release|x64.ActiveCfg = Release|Any CPU
		{D894C39F-18A8-4BEA-ACDD-6C7DBD796E59}.Release|x64.Build.0 = Release|Any CPU
		{D894C39F-18A8-4BEA-ACDD-6C7DBD796E59}.Release|x86.ActiveCfg = Release|Any CPU
		{D894C39F-18A8-4BEA-ACDD-6C7DBD796E59}.Release|x86.Build.0 = Release|Any CPU
		{834D6ADD-77AA-4737-B3D8-0003BDC5AA21}.Debug|Any CPU.ActiveCfg = Debug|Any CPU
		{834D6ADD-77AA-4737-B3D8-0003BDC5AA21}.Debug|Any CPU.Build.0 = Debug|Any CPU
		{834D6ADD-77AA-4737-B3D8-0003BDC5AA21}.Debug|x64.ActiveCfg = Debug|Any CPU
		{834D6ADD-77AA-4737-B3D8-0003BDC5AA21}.Debug|x64.Build.0 = Debug|Any CPU
		{834D6ADD-77AA-4737-B3D8-0003BDC5AA21}.Debug|x86.ActiveCfg = Debug|Any CPU
		{834D6ADD-77AA-4737-B3D8-0003BDC5AA21}.Debug|x86.Build.0 = Debug|Any CPU
		{834D6ADD-77AA-4737-B3D8-0003BDC5AA21}.Release|Any CPU.ActiveCfg = Release|Any CPU
		{834D6ADD-77AA-4737-B3D8-0003BDC5AA21}.Release|Any CPU.Build.0 = Release|Any CPU
		{834D6ADD-77AA-4737-B3D8-0003BDC5AA21}.Release|x64.ActiveCfg = Release|Any CPU
		{834D6ADD-77AA-4737-B3D8-0003BDC5AA21}.Release|x64.Build.0 = Release|Any CPU
		{834D6ADD-77AA-4737-B3D8-0003BDC5AA21}.Release|x86.ActiveCfg = Release|Any CPU
		{834D6ADD-77AA-4737-B3D8-0003BDC5AA21}.Release|x86.Build.0 = Release|Any CPU
		{8A24EE83-73E3-4617-B11F-A2389412ABD5}.Debug|Any CPU.ActiveCfg = Debug|Any CPU
		{8A24EE83-73E3-4617-B11F-A2389412ABD5}.Debug|Any CPU.Build.0 = Debug|Any CPU
		{8A24EE83-73E3-4617-B11F-A2389412ABD5}.Debug|x64.ActiveCfg = Debug|Any CPU
		{8A24EE83-73E3-4617-B11F-A2389412ABD5}.Debug|x64.Build.0 = Debug|Any CPU
		{8A24EE83-73E3-4617-B11F-A2389412ABD5}.Debug|x86.ActiveCfg = Debug|Any CPU
		{8A24EE83-73E3-4617-B11F-A2389412ABD5}.Debug|x86.Build.0 = Debug|Any CPU
		{8A24EE83-73E3-4617-B11F-A2389412ABD5}.Release|Any CPU.ActiveCfg = Release|Any CPU
		{8A24EE83-73E3-4617-B11F-A2389412ABD5}.Release|Any CPU.Build.0 = Release|Any CPU
		{8A24EE83-73E3-4617-B11F-A2389412ABD5}.Release|x64.ActiveCfg = Release|Any CPU
		{8A24EE83-73E3-4617-B11F-A2389412ABD5}.Release|x64.Build.0 = Release|Any CPU
		{8A24EE83-73E3-4617-B11F-A2389412ABD5}.Release|x86.ActiveCfg = Release|Any CPU
		{8A24EE83-73E3-4617-B11F-A2389412ABD5}.Release|x86.Build.0 = Release|Any CPU
		{E1BE53A4-8671-45C7-9235-E0C840351822}.Debug|Any CPU.ActiveCfg = Debug|Any CPU
		{E1BE53A4-8671-45C7-9235-E0C840351822}.Debug|Any CPU.Build.0 = Debug|Any CPU
		{E1BE53A4-8671-45C7-9235-E0C840351822}.Debug|x64.ActiveCfg = Debug|Any CPU
		{E1BE53A4-8671-45C7-9235-E0C840351822}.Debug|x64.Build.0 = Debug|Any CPU
		{E1BE53A4-8671-45C7-9235-E0C840351822}.Debug|x86.ActiveCfg = Debug|Any CPU
		{E1BE53A4-8671-45C7-9235-E0C840351822}.Debug|x86.Build.0 = Debug|Any CPU
		{E1BE53A4-8671-45C7-9235-E0C840351822}.Release|Any CPU.ActiveCfg = Release|Any CPU
		{E1BE53A4-8671-45C7-9235-E0C840351822}.Release|Any CPU.Build.0 = Release|Any CPU
		{E1BE53A4-8671-45C7-9235-E0C840351822}.Release|x64.ActiveCfg = Release|Any CPU
		{E1BE53A4-8671-45C7-9235-E0C840351822}.Release|x64.Build.0 = Release|Any CPU
		{E1BE53A4-8671-45C7-9235-E0C840351822}.Release|x86.ActiveCfg = Release|Any CPU
		{E1BE53A4-8671-45C7-9235-E0C840351822}.Release|x86.Build.0 = Release|Any CPU
		{B2E4D6F8-1A3C-5E7F-9B2D-4F6A8C0E2B4D}.Debug|Any CPU.ActiveCfg = Debug|Any CPU
		{B2E4D6F8-1A3C-5E7F-9B2D-4F6A8C0E2B4D}.Debug|Any CPU.Build.0 = Debug|Any CPU
		{B2E4D6F8-1A3C-5E7F-9B2D-4F6A8C0E2B4D}.Debug|x64.ActiveCfg = Debug|Any CPU
		{B2E4D6F8-1A3C-5E7F-9B2D-4F6A8C0E2B4D}.Debug|x64.Build.0 = Debug|Any CPU
		{B2E4D6F8-1A3C-5E7F-9B2D-4F6A8C0E2B4D}.Debug|x86.ActiveCfg = Debug|Any CPU
		{B2E4D6F8-1A3C-5E7F-9B2D-4F6A8C0E2B4D}.Debug|x86.Build.0 = Debug|Any CPU
		{B2E4D6F8-1A3C-5E7F-9B2D-4F6A8C0E2B4D}.Release|Any CPU.ActiveCfg = Release|Any CPU
		{B2E4D6F8-1A3C-5E7F-9B2D-4F6A8C0E2B4D}.Release|Any CPU.Build.0 = Release|Any CPU
		{B2E4D6F8-1A3C-5E7F-9B2D-4F6A8C0E2B4D}.Release|x64.ActiveCfg = Release|Any CPU
		{B2E4D6F8-1A3C-5E7F-9B2D-4F6A8C0E2B4D}.Release|x64.Build.0 = Release|Any CPU
		{B2E4D6F8-1A3C-5E7F-9B2D-4F6A8C0E2B4D}.Release|x86.ActiveCfg = Release|Any CPU
		{B2E4D6F8-1A3C-5E7F-9B2D-4F6A8C0E2B4D}.Release|x86.Build.0 = Release|Any CPU
		{C3F5E7A9-2B4D-6F8A-0C3E-5A7B9D1F3E5A}.Debug|Any CPU.ActiveCfg = Debug|Any CPU
		{C3F5E7A9-2B4D-6F8A-0C3E-5A7B9D1F3E5A}.Debug|Any CPU.Build.0 = Debug|Any CPU
		{C3F5E7A9-2B4D-6F8A-0C3E-5A7B9D1F3E5A}.Debug|x64.ActiveCfg = Debug|Any CPU
		{C3F5E7A9-2B4D-6F8A-0C3E-5A7B9D1F3E5A}.Debug|x64.Build.0 = Debug|Any CPU
		{C3F5E7A9-2B4D-6F8A-0C3E-5A7B9D1F3E5A}.Debug|x86.ActiveCfg = Debug|Any CPU
		{C3F5E7A9-2B4D-6F8A-0C3E-5A7B9D1F3E5A}.Debug|x86.Build.0 = Debug|Any CPU
		{C3F5E7A9-2B4D-6F8A-0C3E-5A7B9D1F3E5A}.Release|Any CPU.ActiveCfg = Release|Any CPU
		{C3F5E7A9-2B4D-6F8A-0C3E-5A7B9D1F3E5A}.Release|Any CPU.Build.0 = Release|Any CPU
		{C3F5E7A9-2B4D-6F8A-0C3E-5A7B9D1F3E5A}.Release|x64.ActiveCfg = Release|Any CPU
		{C3F5E7A9-2B4D-6F8A-0C3E-5A7B9D1F3E5A}.Release|x64.Build.0 = Release|Any CPU
		{C3F5E7A9-2B4D-6F8A-0C3E-5A7B9D1F3E5A}.Release|x86.ActiveCfg = Release|Any CPU
		{C3F5E7A9-2B4D-6F8A-0C3E-5A7B9D1F3E5A}.Release|x86.Build.0 = Release|Any CPU
		{E5F7A9B1-4D6F-8B0D-2E5A-7C9D1E3F5A7B}.Debug|Any CPU.ActiveCfg = Debug|Any CPU
		{E5F7A9B1-4D6F-8B0D-2E5A-7C9D1E3F5A7B}.Debug|Any CPU.Build.0 = Debug|Any CPU
		{E5F7A9B1-4D6F-8B0D-2E5A-7C9D1E3F5A7B}.Debug|x64.ActiveCfg = Debug|Any CPU
		{E5F7A9B1-4D6F-8B0D-2E5A-7C9D1E3F5A7B}.Debug|x64.Build.0 = Debug|Any CPU
		{E5F7A9B1-4D6F-8B0D-2E5A-7C9D1E3F5A7B}.Debug|x86.ActiveCfg = Debug|Any CPU
		{E5F7A9B1-4D6F-8B0D-2E5A-7C9D1E3F5A7B}.Debug|x86.Build.0 = Debug|Any CPU
		{E5F7A9B1-4D6F-8B0D-2E5A-7C9D1E3F5A7B}.Release|Any CPU.ActiveCfg = Release|Any CPU
		{E5F7A9B1-4D6F-8B0D-2E5A-7C9D1E3F5A7B}.Release|Any CPU.Build.0 = Release|Any CPU
		{E5F7A9B1-4D6F-8B0D-2E5A-7C9D1E3F5A7B}.Release|x64.ActiveCfg = Release|Any CPU
		{E5F7A9B1-4D6F-8B0D-2E5A-7C9D1E3F5A7B}.Release|x64.Build.0 = Release|Any CPU
		{E5F7A9B1-4D6F-8B0D-2E5A-7C9D1E3F5A7B}.Release|x86.ActiveCfg = Release|Any CPU
		{E5F7A9B1-4D6F-8B0D-2E5A-7C9D1E3F5A7B}.Release|x86.Build.0 = Release|Any CPU
		{F6A8B0C2-5E7A-9C1E-3F6B-8D0E2F4A6B8C}.Debug|Any CPU.ActiveCfg = Debug|Any CPU
		{F6A8B0C2-5E7A-9C1E-3F6B-8D0E2F4A6B8C}.Debug|Any CPU.Build.0 = Debug|Any CPU
		{F6A8B0C2-5E7A-9C1E-3F6B-8D0E2F4A6B8C}.Debug|x64.ActiveCfg = Debug|Any CPU
		{F6A8B0C2-5E7A-9C1E-3F6B-8D0E2F4A6B8C}.Debug|x64.Build.0 = Debug|Any CPU
		{F6A8B0C2-5E7A-9C1E-3F6B-8D0E2F4A6B8C}.Debug|x86.ActiveCfg = Debug|Any CPU
		{F6A8B0C2-5E7A-9C1E-3F6B-8D0E2F4A6B8C}.Debug|x86.Build.0 = Debug|Any CPU
		{F6A8B0C2-5E7A-9C1E-3F6B-8D0E2F4A6B8C}.Release|Any CPU.ActiveCfg = Release|Any CPU
		{F6A8B0C2-5E7A-9C1E-3F6B-8D0E2F4A6B8C}.Release|Any CPU.Build.0 = Release|Any CPU
		{F6A8B0C2-5E7A-9C1E-3F6B-8D0E2F4A6B8C}.Release|x64.ActiveCfg = Release|Any CPU
		{F6A8B0C2-5E7A-9C1E-3F6B-8D0E2F4A6B8C}.Release|x64.Build.0 = Release|Any CPU
		{F6A8B0C2-5E7A-9C1E-3F6B-8D0E2F4A6B8C}.Release|x86.ActiveCfg = Release|Any CPU
		{F6A8B0C2-5E7A-9C1E-3F6B-8D0E2F4A6B8C}.Release|x86.Build.0 = Release|Any CPU
		{B8C0D2E4-6F8A-0B3D-5E7F-9A1C3D5E7F9A}.Debug|Any CPU.ActiveCfg = Debug|Any CPU
		{B8C0D2E4-6F8A-0B3D-5E7F-9A1C3D5E7F9A}.Debug|Any CPU.Build.0 = Debug|Any CPU
		{B8C0D2E4-6F8A-0B3D-5E7F-9A1C3D5E7F9A}.Debug|x64.ActiveCfg = Debug|Any CPU
		{B8C0D2E4-6F8A-0B3D-5E7F-9A1C3D5E7F9A}.Debug|x64.Build.0 = Debug|Any CPU
		{B8C0D2E4-6F8A-0B3D-5E7F-9A1C3D5E7F9A}.Debug|x86.ActiveCfg = Debug|Any CPU
		{B8C0D2E4-6F8A-0B3D-5E7F-9A1C3D5E7F9A}.Debug|x86.Build.0 = Debug|Any CPU
		{B8C0D2E4-6F8A-0B3D-5E7F-9A1C3D5E7F9A}.Release|Any CPU.ActiveCfg = Release|Any CPU
		{B8C0D2E4-6F8A-0B3D-5E7F-9A1C3D5E7F9A}.Release|Any CPU.Build.0 = Release|Any CPU
		{B8C0D2E4-6F8A-0B3D-5E7F-9A1C3D5E7F9A}.Release|x64.ActiveCfg = Release|Any CPU
		{B8C0D2E4-6F8A-0B3D-5E7F-9A1C3D5E7F9A}.Release|x64.Build.0 = Release|Any CPU
		{B8C0D2E4-6F8A-0B3D-5E7F-9A1C3D5E7F9A}.Release|x86.ActiveCfg = Release|Any CPU
		{B8C0D2E4-6F8A-0B3D-5E7F-9A1C3D5E7F9A}.Release|x86.Build.0 = Release|Any CPU
		{B850CE81-EB90-4A3A-ABA0-F91F44AB2C9F}.Debug|Any CPU.ActiveCfg = Debug|Any CPU
		{B850CE81-EB90-4A3A-ABA0-F91F44AB2C9F}.Debug|Any CPU.Build.0 = Debug|Any CPU
		{B850CE81-EB90-4A3A-ABA0-F91F44AB2C9F}.Debug|x64.ActiveCfg = Debug|Any CPU
		{B850CE81-EB90-4A3A-ABA0-F91F44AB2C9F}.Debug|x64.Build.0 = Debug|Any CPU
		{B850CE81-EB90-4A3A-ABA0-F91F44AB2C9F}.Debug|x86.ActiveCfg = Debug|Any CPU
		{B850CE81-EB90-4A3A-ABA0-F91F44AB2C9F}.Debug|x86.Build.0 = Debug|Any CPU
		{B850CE81-EB90-4A3A-ABA0-F91F44AB2C9F}.Release|Any CPU.ActiveCfg = Release|Any CPU
		{B850CE81-EB90-4A3A-ABA0-F91F44AB2C9F}.Release|Any CPU.Build.0 = Release|Any CPU
		{B850CE81-EB90-4A3A-ABA0-F91F44AB2C9F}.Release|x64.ActiveCfg = Release|Any CPU
		{B850CE81-EB90-4A3A-ABA0-F91F44AB2C9F}.Release|x64.Build.0 = Release|Any CPU
		{B850CE81-EB90-4A3A-ABA0-F91F44AB2C9F}.Release|x86.ActiveCfg = Release|Any CPU
		{B850CE81-EB90-4A3A-ABA0-F91F44AB2C9F}.Release|x86.Build.0 = Release|Any CPU
		{37A6FD5C-E81F-4573-9C12-1684C44BD0DB}.Debug|Any CPU.ActiveCfg = Debug|Any CPU
		{37A6FD5C-E81F-4573-9C12-1684C44BD0DB}.Debug|Any CPU.Build.0 = Debug|Any CPU
		{37A6FD5C-E81F-4573-9C12-1684C44BD0DB}.Debug|x64.ActiveCfg = Debug|Any CPU
		{37A6FD5C-E81F-4573-9C12-1684C44BD0DB}.Debug|x64.Build.0 = Debug|Any CPU
		{37A6FD5C-E81F-4573-9C12-1684C44BD0DB}.Debug|x86.ActiveCfg = Debug|Any CPU
		{37A6FD5C-E81F-4573-9C12-1684C44BD0DB}.Debug|x86.Build.0 = Debug|Any CPU
		{37A6FD5C-E81F-4573-9C12-1684C44BD0DB}.Release|Any CPU.ActiveCfg = Release|Any CPU
		{37A6FD5C-E81F-4573-9C12-1684C44BD0DB}.Release|Any CPU.Build.0 = Release|Any CPU
		{37A6FD5C-E81F-4573-9C12-1684C44BD0DB}.Release|x64.ActiveCfg = Release|Any CPU
		{37A6FD5C-E81F-4573-9C12-1684C44BD0DB}.Release|x64.Build.0 = Release|Any CPU
		{37A6FD5C-E81F-4573-9C12-1684C44BD0DB}.Release|x86.ActiveCfg = Release|Any CPU
		{37A6FD5C-E81F-4573-9C12-1684C44BD0DB}.Release|x86.Build.0 = Release|Any CPU
		{B2C3D4E5-F6A7-8901-BCDE-F01234567891}.Debug|Any CPU.ActiveCfg = Debug|Any CPU
		{B2C3D4E5-F6A7-8901-BCDE-F01234567891}.Debug|Any CPU.Build.0 = Debug|Any CPU
		{B2C3D4E5-F6A7-8901-BCDE-F01234567891}.Debug|x64.ActiveCfg = Debug|Any CPU
		{B2C3D4E5-F6A7-8901-BCDE-F01234567891}.Debug|x64.Build.0 = Debug|Any CPU
		{B2C3D4E5-F6A7-8901-BCDE-F01234567891}.Debug|x86.ActiveCfg = Debug|Any CPU
		{B2C3D4E5-F6A7-8901-BCDE-F01234567891}.Debug|x86.Build.0 = Debug|Any CPU
		{B2C3D4E5-F6A7-8901-BCDE-F01234567891}.Release|Any CPU.ActiveCfg = Release|Any CPU
		{B2C3D4E5-F6A7-8901-BCDE-F01234567891}.Release|Any CPU.Build.0 = Release|Any CPU
		{B2C3D4E5-F6A7-8901-BCDE-F01234567891}.Release|x64.ActiveCfg = Release|Any CPU
		{B2C3D4E5-F6A7-8901-BCDE-F01234567891}.Release|x64.Build.0 = Release|Any CPU
		{B2C3D4E5-F6A7-8901-BCDE-F01234567891}.Release|x86.ActiveCfg = Release|Any CPU
		{B2C3D4E5-F6A7-8901-BCDE-F01234567891}.Release|x86.Build.0 = Release|Any CPU
		{C3D4E5F6-A7B8-9012-CDEF-012345678912}.Debug|Any CPU.ActiveCfg = Debug|Any CPU
		{C3D4E5F6-A7B8-9012-CDEF-012345678912}.Debug|Any CPU.Build.0 = Debug|Any CPU
		{C3D4E5F6-A7B8-9012-CDEF-012345678912}.Debug|x64.ActiveCfg = Debug|Any CPU
		{C3D4E5F6-A7B8-9012-CDEF-012345678912}.Debug|x64.Build.0 = Debug|Any CPU
		{C3D4E5F6-A7B8-9012-CDEF-012345678912}.Debug|x86.ActiveCfg = Debug|Any CPU
		{C3D4E5F6-A7B8-9012-CDEF-012345678912}.Debug|x86.Build.0 = Debug|Any CPU
		{C3D4E5F6-A7B8-9012-CDEF-012345678912}.Release|Any CPU.ActiveCfg = Release|Any CPU
		{C3D4E5F6-A7B8-9012-CDEF-012345678912}.Release|Any CPU.Build.0 = Release|Any CPU
		{C3D4E5F6-A7B8-9012-CDEF-012345678912}.Release|x64.ActiveCfg = Release|Any CPU
		{C3D4E5F6-A7B8-9012-CDEF-012345678912}.Release|x64.Build.0 = Release|Any CPU
		{C3D4E5F6-A7B8-9012-CDEF-012345678912}.Release|x86.ActiveCfg = Release|Any CPU
		{C3D4E5F6-A7B8-9012-CDEF-012345678912}.Release|x86.Build.0 = Release|Any CPU
		{4D8493AC-A9C1-4D10-BB90-E8DD8399FAEB}.Debug|Any CPU.ActiveCfg = Debug|Any CPU
		{4D8493AC-A9C1-4D10-BB90-E8DD8399FAEB}.Debug|Any CPU.Build.0 = Debug|Any CPU
		{4D8493AC-A9C1-4D10-BB90-E8DD8399FAEB}.Debug|x64.ActiveCfg = Debug|Any CPU
		{4D8493AC-A9C1-4D10-BB90-E8DD8399FAEB}.Debug|x64.Build.0 = Debug|Any CPU
		{4D8493AC-A9C1-4D10-BB90-E8DD8399FAEB}.Debug|x86.ActiveCfg = Debug|Any CPU
		{4D8493AC-A9C1-4D10-BB90-E8DD8399FAEB}.Debug|x86.Build.0 = Debug|Any CPU
		{4D8493AC-A9C1-4D10-BB90-E8DD8399FAEB}.Release|Any CPU.ActiveCfg = Release|Any CPU
		{4D8493AC-A9C1-4D10-BB90-E8DD8399FAEB}.Release|Any CPU.Build.0 = Release|Any CPU
		{4D8493AC-A9C1-4D10-BB90-E8DD8399FAEB}.Release|x64.ActiveCfg = Release|Any CPU
		{4D8493AC-A9C1-4D10-BB90-E8DD8399FAEB}.Release|x64.Build.0 = Release|Any CPU
		{4D8493AC-A9C1-4D10-BB90-E8DD8399FAEB}.Release|x86.ActiveCfg = Release|Any CPU
		{4D8493AC-A9C1-4D10-BB90-E8DD8399FAEB}.Release|x86.Build.0 = Release|Any CPU
		{D13C1AF0-E132-4B5C-ACDB-3F32C9F4194B}.Debug|Any CPU.ActiveCfg = Debug|Any CPU
		{D13C1AF0-E132-4B5C-ACDB-3F32C9F4194B}.Debug|Any CPU.Build.0 = Debug|Any CPU
		{D13C1AF0-E132-4B5C-ACDB-3F32C9F4194B}.Debug|x64.ActiveCfg = Debug|Any CPU
		{D13C1AF0-E132-4B5C-ACDB-3F32C9F4194B}.Debug|x64.Build.0 = Debug|Any CPU
		{D13C1AF0-E132-4B5C-ACDB-3F32C9F4194B}.Debug|x86.ActiveCfg = Debug|Any CPU
		{D13C1AF0-E132-4B5C-ACDB-3F32C9F4194B}.Debug|x86.Build.0 = Debug|Any CPU
		{D13C1AF0-E132-4B5C-ACDB-3F32C9F4194B}.Release|Any CPU.ActiveCfg = Release|Any CPU
		{D13C1AF0-E132-4B5C-ACDB-3F32C9F4194B}.Release|Any CPU.Build.0 = Release|Any CPU
		{D13C1AF0-E132-4B5C-ACDB-3F32C9F4194B}.Release|x64.ActiveCfg = Release|Any CPU
		{D13C1AF0-E132-4B5C-ACDB-3F32C9F4194B}.Release|x64.Build.0 = Release|Any CPU
		{D13C1AF0-E132-4B5C-ACDB-3F32C9F4194B}.Release|x86.ActiveCfg = Release|Any CPU
		{D13C1AF0-E132-4B5C-ACDB-3F32C9F4194B}.Release|x86.Build.0 = Release|Any CPU
		{B9C1D3E5-7F9A-1B3D-5E7F-9A1C3D5E7F9A}.Debug|Any CPU.ActiveCfg = Debug|Any CPU
		{B9C1D3E5-7F9A-1B3D-5E7F-9A1C3D5E7F9A}.Debug|Any CPU.Build.0 = Debug|Any CPU
		{B9C1D3E5-7F9A-1B3D-5E7F-9A1C3D5E7F9A}.Debug|x64.ActiveCfg = Debug|Any CPU
		{B9C1D3E5-7F9A-1B3D-5E7F-9A1C3D5E7F9A}.Debug|x64.Build.0 = Debug|Any CPU
		{B9C1D3E5-7F9A-1B3D-5E7F-9A1C3D5E7F9A}.Debug|x86.ActiveCfg = Debug|Any CPU
		{B9C1D3E5-7F9A-1B3D-5E7F-9A1C3D5E7F9A}.Debug|x86.Build.0 = Debug|Any CPU
		{B9C1D3E5-7F9A-1B3D-5E7F-9A1C3D5E7F9A}.Release|Any CPU.ActiveCfg = Release|Any CPU
		{B9C1D3E5-7F9A-1B3D-5E7F-9A1C3D5E7F9A}.Release|Any CPU.Build.0 = Release|Any CPU
		{B9C1D3E5-7F9A-1B3D-5E7F-9A1C3D5E7F9A}.Release|x64.ActiveCfg = Release|Any CPU
		{B9C1D3E5-7F9A-1B3D-5E7F-9A1C3D5E7F9A}.Release|x64.Build.0 = Release|Any CPU
		{B9C1D3E5-7F9A-1B3D-5E7F-9A1C3D5E7F9A}.Release|x86.ActiveCfg = Release|Any CPU
		{B9C1D3E5-7F9A-1B3D-5E7F-9A1C3D5E7F9A}.Release|x86.Build.0 = Release|Any CPU
		{00258903-67CC-4DD8-98CA-BAF1B371E564}.Debug|Any CPU.ActiveCfg = Debug|Any CPU
		{00258903-67CC-4DD8-98CA-BAF1B371E564}.Debug|Any CPU.Build.0 = Debug|Any CPU
		{00258903-67CC-4DD8-98CA-BAF1B371E564}.Debug|x64.ActiveCfg = Debug|Any CPU
		{00258903-67CC-4DD8-98CA-BAF1B371E564}.Debug|x64.Build.0 = Debug|Any CPU
		{00258903-67CC-4DD8-98CA-BAF1B371E564}.Debug|x86.ActiveCfg = Debug|Any CPU
		{00258903-67CC-4DD8-98CA-BAF1B371E564}.Debug|x86.Build.0 = Debug|Any CPU
		{00258903-67CC-4DD8-98CA-BAF1B371E564}.Release|Any CPU.ActiveCfg = Release|Any CPU
		{00258903-67CC-4DD8-98CA-BAF1B371E564}.Release|Any CPU.Build.0 = Release|Any CPU
		{00258903-67CC-4DD8-98CA-BAF1B371E564}.Release|x64.ActiveCfg = Release|Any CPU
		{00258903-67CC-4DD8-98CA-BAF1B371E564}.Release|x64.Build.0 = Release|Any CPU
		{00258903-67CC-4DD8-98CA-BAF1B371E564}.Release|x86.ActiveCfg = Release|Any CPU
		{00258903-67CC-4DD8-98CA-BAF1B371E564}.Release|x86.Build.0 = Release|Any CPU
		{822D0AFE-A5A0-42DF-A4EF-F2B312A04229}.Debug|Any CPU.ActiveCfg = Debug|Any CPU
		{822D0AFE-A5A0-42DF-A4EF-F2B312A04229}.Debug|Any CPU.Build.0 = Debug|Any CPU
		{822D0AFE-A5A0-42DF-A4EF-F2B312A04229}.Debug|x64.ActiveCfg = Debug|Any CPU
		{822D0AFE-A5A0-42DF-A4EF-F2B312A04229}.Debug|x64.Build.0 = Debug|Any CPU
		{822D0AFE-A5A0-42DF-A4EF-F2B312A04229}.Debug|x86.ActiveCfg = Debug|Any CPU
		{822D0AFE-A5A0-42DF-A4EF-F2B312A04229}.Debug|x86.Build.0 = Debug|Any CPU
		{822D0AFE-A5A0-42DF-A4EF-F2B312A04229}.Release|Any CPU.ActiveCfg = Release|Any CPU
		{822D0AFE-A5A0-42DF-A4EF-F2B312A04229}.Release|Any CPU.Build.0 = Release|Any CPU
		{822D0AFE-A5A0-42DF-A4EF-F2B312A04229}.Release|x64.ActiveCfg = Release|Any CPU
		{822D0AFE-A5A0-42DF-A4EF-F2B312A04229}.Release|x64.Build.0 = Release|Any CPU
		{822D0AFE-A5A0-42DF-A4EF-F2B312A04229}.Release|x86.ActiveCfg = Release|Any CPU
		{822D0AFE-A5A0-42DF-A4EF-F2B312A04229}.Release|x86.Build.0 = Release|Any CPU
		{C34F724F-FB5F-4222-A79E-01EE00E5147C}.Debug|Any CPU.ActiveCfg = Debug|Any CPU
		{C34F724F-FB5F-4222-A79E-01EE00E5147C}.Debug|Any CPU.Build.0 = Debug|Any CPU
		{C34F724F-FB5F-4222-A79E-01EE00E5147C}.Debug|x64.ActiveCfg = Debug|Any CPU
		{C34F724F-FB5F-4222-A79E-01EE00E5147C}.Debug|x64.Build.0 = Debug|Any CPU
		{C34F724F-FB5F-4222-A79E-01EE00E5147C}.Debug|x86.ActiveCfg = Debug|Any CPU
		{C34F724F-FB5F-4222-A79E-01EE00E5147C}.Debug|x86.Build.0 = Debug|Any CPU
		{C34F724F-FB5F-4222-A79E-01EE00E5147C}.Release|Any CPU.ActiveCfg = Release|Any CPU
		{C34F724F-FB5F-4222-A79E-01EE00E5147C}.Release|Any CPU.Build.0 = Release|Any CPU
		{C34F724F-FB5F-4222-A79E-01EE00E5147C}.Release|x64.ActiveCfg = Release|Any CPU
		{C34F724F-FB5F-4222-A79E-01EE00E5147C}.Release|x64.Build.0 = Release|Any CPU
		{C34F724F-FB5F-4222-A79E-01EE00E5147C}.Release|x86.ActiveCfg = Release|Any CPU
		{C34F724F-FB5F-4222-A79E-01EE00E5147C}.Release|x86.Build.0 = Release|Any CPU
		{3761F5F4-E2EA-4B0E-915D-BC6003C8EB6A}.Debug|Any CPU.ActiveCfg = Debug|Any CPU
		{3761F5F4-E2EA-4B0E-915D-BC6003C8EB6A}.Debug|Any CPU.Build.0 = Debug|Any CPU
		{3761F5F4-E2EA-4B0E-915D-BC6003C8EB6A}.Debug|x64.ActiveCfg = Debug|Any CPU
		{3761F5F4-E2EA-4B0E-915D-BC6003C8EB6A}.Debug|x64.Build.0 = Debug|Any CPU
		{3761F5F4-E2EA-4B0E-915D-BC6003C8EB6A}.Debug|x86.ActiveCfg = Debug|Any CPU
		{3761F5F4-E2EA-4B0E-915D-BC6003C8EB6A}.Debug|x86.Build.0 = Debug|Any CPU
		{3761F5F4-E2EA-4B0E-915D-BC6003C8EB6A}.Release|Any CPU.ActiveCfg = Release|Any CPU
		{3761F5F4-E2EA-4B0E-915D-BC6003C8EB6A}.Release|Any CPU.Build.0 = Release|Any CPU
		{3761F5F4-E2EA-4B0E-915D-BC6003C8EB6A}.Release|x64.ActiveCfg = Release|Any CPU
		{3761F5F4-E2EA-4B0E-915D-BC6003C8EB6A}.Release|x64.Build.0 = Release|Any CPU
		{3761F5F4-E2EA-4B0E-915D-BC6003C8EB6A}.Release|x86.ActiveCfg = Release|Any CPU
		{3761F5F4-E2EA-4B0E-915D-BC6003C8EB6A}.Release|x86.Build.0 = Release|Any CPU
		{5D21942B-B0D0-4595-9C73-E8CE4689BEB9}.Debug|Any CPU.ActiveCfg = Debug|Any CPU
		{5D21942B-B0D0-4595-9C73-E8CE4689BEB9}.Debug|Any CPU.Build.0 = Debug|Any CPU
		{5D21942B-B0D0-4595-9C73-E8CE4689BEB9}.Debug|x64.ActiveCfg = Debug|Any CPU
		{5D21942B-B0D0-4595-9C73-E8CE4689BEB9}.Debug|x64.Build.0 = Debug|Any CPU
		{5D21942B-B0D0-4595-9C73-E8CE4689BEB9}.Debug|x86.ActiveCfg = Debug|Any CPU
		{5D21942B-B0D0-4595-9C73-E8CE4689BEB9}.Debug|x86.Build.0 = Debug|Any CPU
		{5D21942B-B0D0-4595-9C73-E8CE4689BEB9}.Release|Any CPU.ActiveCfg = Release|Any CPU
		{5D21942B-B0D0-4595-9C73-E8CE4689BEB9}.Release|Any CPU.Build.0 = Release|Any CPU
		{5D21942B-B0D0-4595-9C73-E8CE4689BEB9}.Release|x64.ActiveCfg = Release|Any CPU
		{5D21942B-B0D0-4595-9C73-E8CE4689BEB9}.Release|x64.Build.0 = Release|Any CPU
		{5D21942B-B0D0-4595-9C73-E8CE4689BEB9}.Release|x86.ActiveCfg = Release|Any CPU
		{5D21942B-B0D0-4595-9C73-E8CE4689BEB9}.Release|x86.Build.0 = Release|Any CPU
		{B43798C2-C7A8-44B2-A0F5-D7C8C54EFA0B}.Debug|Any CPU.ActiveCfg = Debug|Any CPU
		{B43798C2-C7A8-44B2-A0F5-D7C8C54EFA0B}.Debug|Any CPU.Build.0 = Debug|Any CPU
		{B43798C2-C7A8-44B2-A0F5-D7C8C54EFA0B}.Debug|x64.ActiveCfg = Debug|Any CPU
		{B43798C2-C7A8-44B2-A0F5-D7C8C54EFA0B}.Debug|x64.Build.0 = Debug|Any CPU
		{B43798C2-C7A8-44B2-A0F5-D7C8C54EFA0B}.Debug|x86.ActiveCfg = Debug|Any CPU
		{B43798C2-C7A8-44B2-A0F5-D7C8C54EFA0B}.Debug|x86.Build.0 = Debug|Any CPU
		{B43798C2-C7A8-44B2-A0F5-D7C8C54EFA0B}.Release|Any CPU.ActiveCfg = Release|Any CPU
		{B43798C2-C7A8-44B2-A0F5-D7C8C54EFA0B}.Release|Any CPU.Build.0 = Release|Any CPU
		{B43798C2-C7A8-44B2-A0F5-D7C8C54EFA0B}.Release|x64.ActiveCfg = Release|Any CPU
		{B43798C2-C7A8-44B2-A0F5-D7C8C54EFA0B}.Release|x64.Build.0 = Release|Any CPU
		{B43798C2-C7A8-44B2-A0F5-D7C8C54EFA0B}.Release|x86.ActiveCfg = Release|Any CPU
		{B43798C2-C7A8-44B2-A0F5-D7C8C54EFA0B}.Release|x86.Build.0 = Release|Any CPU
		{DB076BEE-510B-47C5-8BAE-077A9CACD9AC}.Debug|Any CPU.ActiveCfg = Debug|Any CPU
		{DB076BEE-510B-47C5-8BAE-077A9CACD9AC}.Debug|Any CPU.Build.0 = Debug|Any CPU
		{DB076BEE-510B-47C5-8BAE-077A9CACD9AC}.Debug|x64.ActiveCfg = Debug|Any CPU
		{DB076BEE-510B-47C5-8BAE-077A9CACD9AC}.Debug|x64.Build.0 = Debug|Any CPU
		{DB076BEE-510B-47C5-8BAE-077A9CACD9AC}.Debug|x86.ActiveCfg = Debug|Any CPU
		{DB076BEE-510B-47C5-8BAE-077A9CACD9AC}.Debug|x86.Build.0 = Debug|Any CPU
		{DB076BEE-510B-47C5-8BAE-077A9CACD9AC}.Release|Any CPU.ActiveCfg = Release|Any CPU
		{DB076BEE-510B-47C5-8BAE-077A9CACD9AC}.Release|Any CPU.Build.0 = Release|Any CPU
		{DB076BEE-510B-47C5-8BAE-077A9CACD9AC}.Release|x64.ActiveCfg = Release|Any CPU
		{DB076BEE-510B-47C5-8BAE-077A9CACD9AC}.Release|x64.Build.0 = Release|Any CPU
		{DB076BEE-510B-47C5-8BAE-077A9CACD9AC}.Release|x86.ActiveCfg = Release|Any CPU
		{DB076BEE-510B-47C5-8BAE-077A9CACD9AC}.Release|x86.Build.0 = Release|Any CPU
		{EA39E02A-BE15-4C44-BB65-DAFB6A44C62B}.Debug|Any CPU.ActiveCfg = Debug|Any CPU
		{EA39E02A-BE15-4C44-BB65-DAFB6A44C62B}.Debug|Any CPU.Build.0 = Debug|Any CPU
		{EA39E02A-BE15-4C44-BB65-DAFB6A44C62B}.Debug|x64.ActiveCfg = Debug|Any CPU
		{EA39E02A-BE15-4C44-BB65-DAFB6A44C62B}.Debug|x64.Build.0 = Debug|Any CPU
		{EA39E02A-BE15-4C44-BB65-DAFB6A44C62B}.Debug|x86.ActiveCfg = Debug|Any CPU
		{EA39E02A-BE15-4C44-BB65-DAFB6A44C62B}.Debug|x86.Build.0 = Debug|Any CPU
		{EA39E02A-BE15-4C44-BB65-DAFB6A44C62B}.Release|Any CPU.ActiveCfg = Release|Any CPU
		{EA39E02A-BE15-4C44-BB65-DAFB6A44C62B}.Release|Any CPU.Build.0 = Release|Any CPU
		{EA39E02A-BE15-4C44-BB65-DAFB6A44C62B}.Release|x64.ActiveCfg = Release|Any CPU
		{EA39E02A-BE15-4C44-BB65-DAFB6A44C62B}.Release|x64.Build.0 = Release|Any CPU
		{EA39E02A-BE15-4C44-BB65-DAFB6A44C62B}.Release|x86.ActiveCfg = Release|Any CPU
		{EA39E02A-BE15-4C44-BB65-DAFB6A44C62B}.Release|x86.Build.0 = Release|Any CPU
		{E0D3A694-10D4-4A36-A721-1CB851CF8EEF}.Debug|Any CPU.ActiveCfg = Debug|Any CPU
		{E0D3A694-10D4-4A36-A721-1CB851CF8EEF}.Debug|Any CPU.Build.0 = Debug|Any CPU
		{E0D3A694-10D4-4A36-A721-1CB851CF8EEF}.Debug|x64.ActiveCfg = Debug|Any CPU
		{E0D3A694-10D4-4A36-A721-1CB851CF8EEF}.Debug|x64.Build.0 = Debug|Any CPU
		{E0D3A694-10D4-4A36-A721-1CB851CF8EEF}.Debug|x86.ActiveCfg = Debug|Any CPU
		{E0D3A694-10D4-4A36-A721-1CB851CF8EEF}.Debug|x86.Build.0 = Debug|Any CPU
		{E0D3A694-10D4-4A36-A721-1CB851CF8EEF}.Release|Any CPU.ActiveCfg = Release|Any CPU
		{E0D3A694-10D4-4A36-A721-1CB851CF8EEF}.Release|Any CPU.Build.0 = Release|Any CPU
		{E0D3A694-10D4-4A36-A721-1CB851CF8EEF}.Release|x64.ActiveCfg = Release|Any CPU
		{E0D3A694-10D4-4A36-A721-1CB851CF8EEF}.Release|x64.Build.0 = Release|Any CPU
		{E0D3A694-10D4-4A36-A721-1CB851CF8EEF}.Release|x86.ActiveCfg = Release|Any CPU
		{E0D3A694-10D4-4A36-A721-1CB851CF8EEF}.Release|x86.Build.0 = Release|Any CPU
		{4A9C1336-AB80-4C96-B71D-D2514618617B}.Debug|Any CPU.ActiveCfg = Debug|Any CPU
		{4A9C1336-AB80-4C96-B71D-D2514618617B}.Debug|Any CPU.Build.0 = Debug|Any CPU
		{4A9C1336-AB80-4C96-B71D-D2514618617B}.Debug|x64.ActiveCfg = Debug|Any CPU
		{4A9C1336-AB80-4C96-B71D-D2514618617B}.Debug|x64.Build.0 = Debug|Any CPU
		{4A9C1336-AB80-4C96-B71D-D2514618617B}.Debug|x86.ActiveCfg = Debug|Any CPU
		{4A9C1336-AB80-4C96-B71D-D2514618617B}.Debug|x86.Build.0 = Debug|Any CPU
		{4A9C1336-AB80-4C96-B71D-D2514618617B}.Release|Any CPU.ActiveCfg = Release|Any CPU
		{4A9C1336-AB80-4C96-B71D-D2514618617B}.Release|Any CPU.Build.0 = Release|Any CPU
		{4A9C1336-AB80-4C96-B71D-D2514618617B}.Release|x64.ActiveCfg = Release|Any CPU
		{4A9C1336-AB80-4C96-B71D-D2514618617B}.Release|x64.Build.0 = Release|Any CPU
		{4A9C1336-AB80-4C96-B71D-D2514618617B}.Release|x86.ActiveCfg = Release|Any CPU
		{4A9C1336-AB80-4C96-B71D-D2514618617B}.Release|x86.Build.0 = Release|Any CPU
		{8E3692A7-0B9E-49F7-83ED-DD8EC830016F}.Debug|Any CPU.ActiveCfg = Debug|Any CPU
		{8E3692A7-0B9E-49F7-83ED-DD8EC830016F}.Debug|Any CPU.Build.0 = Debug|Any CPU
		{8E3692A7-0B9E-49F7-83ED-DD8EC830016F}.Debug|x64.ActiveCfg = Debug|Any CPU
		{8E3692A7-0B9E-49F7-83ED-DD8EC830016F}.Debug|x64.Build.0 = Debug|Any CPU
		{8E3692A7-0B9E-49F7-83ED-DD8EC830016F}.Debug|x86.ActiveCfg = Debug|Any CPU
		{8E3692A7-0B9E-49F7-83ED-DD8EC830016F}.Debug|x86.Build.0 = Debug|Any CPU
		{8E3692A7-0B9E-49F7-83ED-DD8EC830016F}.Release|Any CPU.ActiveCfg = Release|Any CPU
		{8E3692A7-0B9E-49F7-83ED-DD8EC830016F}.Release|Any CPU.Build.0 = Release|Any CPU
		{8E3692A7-0B9E-49F7-83ED-DD8EC830016F}.Release|x64.ActiveCfg = Release|Any CPU
		{8E3692A7-0B9E-49F7-83ED-DD8EC830016F}.Release|x64.Build.0 = Release|Any CPU
		{8E3692A7-0B9E-49F7-83ED-DD8EC830016F}.Release|x86.ActiveCfg = Release|Any CPU
		{8E3692A7-0B9E-49F7-83ED-DD8EC830016F}.Release|x86.Build.0 = Release|Any CPU
		{B1AB9E50-3758-423E-92D6-3EAD7F43DEA0}.Debug|Any CPU.ActiveCfg = Debug|Any CPU
		{B1AB9E50-3758-423E-92D6-3EAD7F43DEA0}.Debug|Any CPU.Build.0 = Debug|Any CPU
		{B1AB9E50-3758-423E-92D6-3EAD7F43DEA0}.Debug|x64.ActiveCfg = Debug|Any CPU
		{B1AB9E50-3758-423E-92D6-3EAD7F43DEA0}.Debug|x64.Build.0 = Debug|Any CPU
		{B1AB9E50-3758-423E-92D6-3EAD7F43DEA0}.Debug|x86.ActiveCfg = Debug|Any CPU
		{B1AB9E50-3758-423E-92D6-3EAD7F43DEA0}.Debug|x86.Build.0 = Debug|Any CPU
		{B1AB9E50-3758-423E-92D6-3EAD7F43DEA0}.Release|Any CPU.ActiveCfg = Release|Any CPU
		{B1AB9E50-3758-423E-92D6-3EAD7F43DEA0}.Release|Any CPU.Build.0 = Release|Any CPU
		{B1AB9E50-3758-423E-92D6-3EAD7F43DEA0}.Release|x64.ActiveCfg = Release|Any CPU
		{B1AB9E50-3758-423E-92D6-3EAD7F43DEA0}.Release|x64.Build.0 = Release|Any CPU
		{B1AB9E50-3758-423E-92D6-3EAD7F43DEA0}.Release|x86.ActiveCfg = Release|Any CPU
		{B1AB9E50-3758-423E-92D6-3EAD7F43DEA0}.Release|x86.Build.0 = Release|Any CPU
		{31220375-0F96-4F4C-AECE-8922DFAB3644}.Debug|Any CPU.ActiveCfg = Debug|Any CPU
		{31220375-0F96-4F4C-AECE-8922DFAB3644}.Debug|Any CPU.Build.0 = Debug|Any CPU
		{31220375-0F96-4F4C-AECE-8922DFAB3644}.Debug|x64.ActiveCfg = Debug|Any CPU
		{31220375-0F96-4F4C-AECE-8922DFAB3644}.Debug|x64.Build.0 = Debug|Any CPU
		{31220375-0F96-4F4C-AECE-8922DFAB3644}.Debug|x86.ActiveCfg = Debug|Any CPU
		{31220375-0F96-4F4C-AECE-8922DFAB3644}.Debug|x86.Build.0 = Debug|Any CPU
		{31220375-0F96-4F4C-AECE-8922DFAB3644}.Release|Any CPU.ActiveCfg = Release|Any CPU
		{31220375-0F96-4F4C-AECE-8922DFAB3644}.Release|Any CPU.Build.0 = Release|Any CPU
		{31220375-0F96-4F4C-AECE-8922DFAB3644}.Release|x64.ActiveCfg = Release|Any CPU
		{31220375-0F96-4F4C-AECE-8922DFAB3644}.Release|x64.Build.0 = Release|Any CPU
		{31220375-0F96-4F4C-AECE-8922DFAB3644}.Release|x86.ActiveCfg = Release|Any CPU
		{31220375-0F96-4F4C-AECE-8922DFAB3644}.Release|x86.Build.0 = Release|Any CPU
		{E2244C06-B771-46DE-8960-AF8B3C17AC20}.Debug|Any CPU.ActiveCfg = Debug|Any CPU
		{E2244C06-B771-46DE-8960-AF8B3C17AC20}.Debug|Any CPU.Build.0 = Debug|Any CPU
		{E2244C06-B771-46DE-8960-AF8B3C17AC20}.Debug|x64.ActiveCfg = Debug|Any CPU
		{E2244C06-B771-46DE-8960-AF8B3C17AC20}.Debug|x64.Build.0 = Debug|Any CPU
		{E2244C06-B771-46DE-8960-AF8B3C17AC20}.Debug|x86.ActiveCfg = Debug|Any CPU
		{E2244C06-B771-46DE-8960-AF8B3C17AC20}.Debug|x86.Build.0 = Debug|Any CPU
		{E2244C06-B771-46DE-8960-AF8B3C17AC20}.Release|Any CPU.ActiveCfg = Release|Any CPU
		{E2244C06-B771-46DE-8960-AF8B3C17AC20}.Release|Any CPU.Build.0 = Release|Any CPU
		{E2244C06-B771-46DE-8960-AF8B3C17AC20}.Release|x64.ActiveCfg = Release|Any CPU
		{E2244C06-B771-46DE-8960-AF8B3C17AC20}.Release|x64.Build.0 = Release|Any CPU
		{E2244C06-B771-46DE-8960-AF8B3C17AC20}.Release|x86.ActiveCfg = Release|Any CPU
		{E2244C06-B771-46DE-8960-AF8B3C17AC20}.Release|x86.Build.0 = Release|Any CPU
		{C1D3E5F7-9B1D-3F5A-7C9E-1D3F5A7B9C1D}.Debug|Any CPU.ActiveCfg = Debug|Any CPU
		{C1D3E5F7-9B1D-3F5A-7C9E-1D3F5A7B9C1D}.Debug|Any CPU.Build.0 = Debug|Any CPU
		{C1D3E5F7-9B1D-3F5A-7C9E-1D3F5A7B9C1D}.Debug|x64.ActiveCfg = Debug|Any CPU
		{C1D3E5F7-9B1D-3F5A-7C9E-1D3F5A7B9C1D}.Debug|x64.Build.0 = Debug|Any CPU
		{C1D3E5F7-9B1D-3F5A-7C9E-1D3F5A7B9C1D}.Debug|x86.ActiveCfg = Debug|Any CPU
		{C1D3E5F7-9B1D-3F5A-7C9E-1D3F5A7B9C1D}.Debug|x86.Build.0 = Debug|Any CPU
		{C1D3E5F7-9B1D-3F5A-7C9E-1D3F5A7B9C1D}.Release|Any CPU.ActiveCfg = Release|Any CPU
		{C1D3E5F7-9B1D-3F5A-7C9E-1D3F5A7B9C1D}.Release|Any CPU.Build.0 = Release|Any CPU
		{C1D3E5F7-9B1D-3F5A-7C9E-1D3F5A7B9C1D}.Release|x64.ActiveCfg = Release|Any CPU
		{C1D3E5F7-9B1D-3F5A-7C9E-1D3F5A7B9C1D}.Release|x64.Build.0 = Release|Any CPU
		{C1D3E5F7-9B1D-3F5A-7C9E-1D3F5A7B9C1D}.Release|x86.ActiveCfg = Release|Any CPU
		{C1D3E5F7-9B1D-3F5A-7C9E-1D3F5A7B9C1D}.Release|x86.Build.0 = Release|Any CPU
		{D2E4F6A8-0C2E-4A6C-8E0F-2A4C6E8A0C2E}.Debug|Any CPU.ActiveCfg = Debug|Any CPU
		{D2E4F6A8-0C2E-4A6C-8E0F-2A4C6E8A0C2E}.Debug|Any CPU.Build.0 = Debug|Any CPU
		{D2E4F6A8-0C2E-4A6C-8E0F-2A4C6E8A0C2E}.Debug|x64.ActiveCfg = Debug|Any CPU
		{D2E4F6A8-0C2E-4A6C-8E0F-2A4C6E8A0C2E}.Debug|x64.Build.0 = Debug|Any CPU
		{D2E4F6A8-0C2E-4A6C-8E0F-2A4C6E8A0C2E}.Debug|x86.ActiveCfg = Debug|Any CPU
		{D2E4F6A8-0C2E-4A6C-8E0F-2A4C6E8A0C2E}.Debug|x86.Build.0 = Debug|Any CPU
		{D2E4F6A8-0C2E-4A6C-8E0F-2A4C6E8A0C2E}.Release|Any CPU.ActiveCfg = Release|Any CPU
		{D2E4F6A8-0C2E-4A6C-8E0F-2A4C6E8A0C2E}.Release|Any CPU.Build.0 = Release|Any CPU
		{D2E4F6A8-0C2E-4A6C-8E0F-2A4C6E8A0C2E}.Release|x64.ActiveCfg = Release|Any CPU
		{D2E4F6A8-0C2E-4A6C-8E0F-2A4C6E8A0C2E}.Release|x64.Build.0 = Release|Any CPU
		{D2E4F6A8-0C2E-4A6C-8E0F-2A4C6E8A0C2E}.Release|x86.ActiveCfg = Release|Any CPU
		{D2E4F6A8-0C2E-4A6C-8E0F-2A4C6E8A0C2E}.Release|x86.Build.0 = Release|Any CPU
		{F4A6B8D0-2E4F-6A8C-0E2F-4A6B8D0E2F4A}.Debug|Any CPU.ActiveCfg = Debug|Any CPU
		{F4A6B8D0-2E4F-6A8C-0E2F-4A6B8D0E2F4A}.Debug|Any CPU.Build.0 = Debug|Any CPU
		{F4A6B8D0-2E4F-6A8C-0E2F-4A6B8D0E2F4A}.Debug|x64.ActiveCfg = Debug|Any CPU
		{F4A6B8D0-2E4F-6A8C-0E2F-4A6B8D0E2F4A}.Debug|x64.Build.0 = Debug|Any CPU
		{F4A6B8D0-2E4F-6A8C-0E2F-4A6B8D0E2F4A}.Debug|x86.ActiveCfg = Debug|Any CPU
		{F4A6B8D0-2E4F-6A8C-0E2F-4A6B8D0E2F4A}.Debug|x86.Build.0 = Debug|Any CPU
		{F4A6B8D0-2E4F-6A8C-0E2F-4A6B8D0E2F4A}.Release|Any CPU.ActiveCfg = Release|Any CPU
		{F4A6B8D0-2E4F-6A8C-0E2F-4A6B8D0E2F4A}.Release|Any CPU.Build.0 = Release|Any CPU
		{F4A6B8D0-2E4F-6A8C-0E2F-4A6B8D0E2F4A}.Release|x64.ActiveCfg = Release|Any CPU
		{F4A6B8D0-2E4F-6A8C-0E2F-4A6B8D0E2F4A}.Release|x64.Build.0 = Release|Any CPU
		{F4A6B8D0-2E4F-6A8C-0E2F-4A6B8D0E2F4A}.Release|x86.ActiveCfg = Release|Any CPU
		{F4A6B8D0-2E4F-6A8C-0E2F-4A6B8D0E2F4A}.Release|x86.Build.0 = Release|Any CPU
	EndGlobalSection
	GlobalSection(SolutionProperties) = preSolution
		HideSolutionNode = FALSE
	EndGlobalSection
	GlobalSection(NestedProjects) = preSolution
		{8D626EA8-CB54-BC41-363A-217881BEBA6E} = {827E0CD3-B72D-47B6-A68D-7590B98EB39B}
		{D894C39F-18A8-4BEA-ACDD-6C7DBD796E59} = {8D626EA8-CB54-BC41-363A-217881BEBA6E}
		{834D6ADD-77AA-4737-B3D8-0003BDC5AA21} = {8D626EA8-CB54-BC41-363A-217881BEBA6E}
		{8F507BB6-8C32-52F1-3AF0-D5ED6F9D4650} = {827E0CD3-B72D-47B6-A68D-7590B98EB39B}
		{8A24EE83-73E3-4617-B11F-A2389412ABD5} = {8F507BB6-8C32-52F1-3AF0-D5ED6F9D4650}
		{E1BE53A4-8671-45C7-9235-E0C840351822} = {8F507BB6-8C32-52F1-3AF0-D5ED6F9D4650}
		{A1F3C2D5-8B4E-4A7F-B1D2-3E5F6A7B8C9D} = {827E0CD3-B72D-47B6-A68D-7590B98EB39B}
		{B2E4D6F8-1A3C-5E7F-9B2D-4F6A8C0E2B4D} = {A1F3C2D5-8B4E-4A7F-B1D2-3E5F6A7B8C9D}
		{C3F5E7A9-2B4D-6F8A-0C3E-5A7B9D1F3E5A} = {A1F3C2D5-8B4E-4A7F-B1D2-3E5F6A7B8C9D}
		{D4E6F8A0-3C5E-7A9C-1D4F-6A8B0C2E4F6A} = {827E0CD3-B72D-47B6-A68D-7590B98EB39B}
		{E5F7A9B1-4D6F-8B0D-2E5A-7C9D1E3F5A7B} = {D4E6F8A0-3C5E-7A9C-1D4F-6A8B0C2E4F6A}
		{F6A8B0C2-5E7A-9C1E-3F6B-8D0E2F4A6B8C} = {D4E6F8A0-3C5E-7A9C-1D4F-6A8B0C2E4F6A}
		{A7B9C1D3-5E7F-9A2C-4D6E-8F0A2B4C6D8E} = {827E0CD3-B72D-47B6-A68D-7590B98EB39B}
		{B8C0D2E4-6F8A-0B3D-5E7F-9A1C3D5E7F9A} = {A7B9C1D3-5E7F-9A2C-4D6E-8F0A2B4C6D8E}
		{EC447DCF-ABFA-6E24-52A5-D7FD48A5C558} = {827E0CD3-B72D-47B6-A68D-7590B98EB39B}
		{C220CD10-BE45-7C37-FF4E-88FF3F6BF519} = {EC447DCF-ABFA-6E24-52A5-D7FD48A5C558}
		{B850CE81-EB90-4A3A-ABA0-F91F44AB2C9F} = {C220CD10-BE45-7C37-FF4E-88FF3F6BF519}
		{37A6FD5C-E81F-4573-9C12-1684C44BD0DB} = {C220CD10-BE45-7C37-FF4E-88FF3F6BF519}
		{A1B2C3D4-E5F6-7890-ABCD-EF1234567890} = {EC447DCF-ABFA-6E24-52A5-D7FD48A5C558}
		{B2C3D4E5-F6A7-8901-BCDE-F01234567891} = {A1B2C3D4-E5F6-7890-ABCD-EF1234567890}
		{C3D4E5F6-A7B8-9012-CDEF-012345678912} = {A1B2C3D4-E5F6-7890-ABCD-EF1234567890}
		{E56D5450-B489-45CA-9D10-5BFE58209F4D} = {EC447DCF-ABFA-6E24-52A5-D7FD48A5C558}
		{4D8493AC-A9C1-4D10-BB90-E8DD8399FAEB} = {E56D5450-B489-45CA-9D10-5BFE58209F4D}
		{D13C1AF0-E132-4B5C-ACDB-3F32C9F4194B} = {E56D5450-B489-45CA-9D10-5BFE58209F4D}
		{A9B1C3D5-7E9F-1B3D-5F7A-9B1C3D5E7F9B} = {EC447DCF-ABFA-6E24-52A5-D7FD48A5C558}
		{C1D3E5F7-9B1D-3F5A-7C9E-1D3F5A7B9C1D} = {A9B1C3D5-7E9F-1B3D-5F7A-9B1C3D5E7F9B}
		{D2E4F6A8-0C2E-4A6C-8E0F-2A4C6E8A0C2E} = {A9B1C3D5-7E9F-1B3D-5F7A-9B1C3D5E7F9B}
		{A8B0C2D4-6E8F-0A2C-4D6E-8F0A2B4C6D8E} = {827E0CD3-B72D-47B6-A68D-7590B98EB39B}
		{B9C1D3E5-7F9A-1B3D-5E7F-9A1C3D5E7F9A} = {A8B0C2D4-6E8F-0A2C-4D6E-8F0A2B4C6D8E}
		{44EC672F-1C13-247C-AFC5-BBF13FD04818} = {827E0CD3-B72D-47B6-A68D-7590B98EB39B}
		{317A52CE-730A-F256-4D7F-07F37C9D4C0C} = {44EC672F-1C13-247C-AFC5-BBF13FD04818}
		{00258903-67CC-4DD8-98CA-BAF1B371E564} = {317A52CE-730A-F256-4D7F-07F37C9D4C0C}
		{822D0AFE-A5A0-42DF-A4EF-F2B312A04229} = {317A52CE-730A-F256-4D7F-07F37C9D4C0C}
		{E61D79A8-7616-5309-151C-B3A525F4D863} = {44EC672F-1C13-247C-AFC5-BBF13FD04818}
		{C34F724F-FB5F-4222-A79E-01EE00E5147C} = {E61D79A8-7616-5309-151C-B3A525F4D863}
		{3761F5F4-E2EA-4B0E-915D-BC6003C8EB6A} = {E61D79A8-7616-5309-151C-B3A525F4D863}
		{9BCC4063-85AC-5885-6BC2-1441593DD23C} = {44EC672F-1C13-247C-AFC5-BBF13FD04818}
		{5D21942B-B0D0-4595-9C73-E8CE4689BEB9} = {9BCC4063-85AC-5885-6BC2-1441593DD23C}
		{B43798C2-C7A8-44B2-A0F5-D7C8C54EFA0B} = {9BCC4063-85AC-5885-6BC2-1441593DD23C}
		{D428ABAE-2791-7F8C-85E2-E71BE362738D} = {44EC672F-1C13-247C-AFC5-BBF13FD04818}
		{DB076BEE-510B-47C5-8BAE-077A9CACD9AC} = {D428ABAE-2791-7F8C-85E2-E71BE362738D}
		{EA39E02A-BE15-4C44-BB65-DAFB6A44C62B} = {D428ABAE-2791-7F8C-85E2-E71BE362738D}
		{999BDF5D-9A3C-C146-D1C1-334263E45E63} = {44EC672F-1C13-247C-AFC5-BBF13FD04818}
		{E0D3A694-10D4-4A36-A721-1CB851CF8EEF} = {999BDF5D-9A3C-C146-D1C1-334263E45E63}
		{4A9C1336-AB80-4C96-B71D-D2514618617B} = {999BDF5D-9A3C-C146-D1C1-334263E45E63}
		{74FF16AB-BC22-3F8F-080F-53C115E50A64} = {44EC672F-1C13-247C-AFC5-BBF13FD04818}
		{8E3692A7-0B9E-49F7-83ED-DD8EC830016F} = {74FF16AB-BC22-3F8F-080F-53C115E50A64}
		{B1AB9E50-3758-423E-92D6-3EAD7F43DEA0} = {74FF16AB-BC22-3F8F-080F-53C115E50A64}
		{625089DB-9108-CFFD-5F49-F679D10B802C} = {44EC672F-1C13-247C-AFC5-BBF13FD04818}
		{31220375-0F96-4F4C-AECE-8922DFAB3644} = {625089DB-9108-CFFD-5F49-F679D10B802C}
		{E2244C06-B771-46DE-8960-AF8B3C17AC20} = {625089DB-9108-CFFD-5F49-F679D10B802C}
		{E3F5A7C9-1D3F-5A7C-9E1D-3F5A7C9E1D3F} = {827E0CD3-B72D-47B6-A68D-7590B98EB39B}
		{F4A6B8D0-2E4F-6A8C-0E2F-4A6B8D0E2F4A} = {E3F5A7C9-1D3F-5A7C-9E1D-3F5A7C9E1D3F}
		{B9C1D3E5-7F9A-1B3D-5E7F-9A1C3D5E7F9A} = {A8B0C2D4-6E8F-0A2C-4D6E-8F0A2B4C6D8E}
	EndGlobalSection
EndGlobal
