
Microsoft Visual Studio Solution File, Format Version 12.00
# Visual Studio Version 17
VisualStudioVersion = 17.0.31903.59
MinimumVisualStudioVersion = 10.0.40219.1
Project("{2150E333-8FDC-42A3-9474-1A3956D46DE8}") = "src", "src", "{827E0CD3-B72D-47B6-A68D-7590B98EB39B}"
EndProject
Project("{2150E333-8FDC-42A3-9474-1A3956D46DE8}") = "core", "core", "{8D626EA8-CB54-BC41-363A-217881BEBA6E}"
EndProject
Project("{FAE04EC0-301F-11D3-BF4B-00C04F79EFBC}") = "MLS.Core", "src\core\MLS.Core\MLS.Core.csproj", "{D894C39F-18A8-4BEA-ACDD-6C7DBD796E59}"
EndProject
Project("{FAE04EC0-301F-11D3-BF4B-00C04F79EFBC}") = "MLS.Core.Tests", "src\core\MLS.Core.Tests\MLS.Core.Tests.csproj", "{834D6ADD-77AA-4737-B3D8-0003BDC5AA21}"
EndProject
Project("{2150E333-8FDC-42A3-9474-1A3956D46DE8}") = "block-controller", "block-controller", "{8F507BB6-8C32-52F1-3AF0-D5ED6F9D4650}"
EndProject
Project("{FAE04EC0-301F-11D3-BF4B-00C04F79EFBC}") = "MLS.BlockController", "src\block-controller\MLS.BlockController\MLS.BlockController.csproj", "{8A24EE83-73E3-4617-B11F-A2389412ABD5}"
EndProject
Project("{FAE04EC0-301F-11D3-BF4B-00C04F79EFBC}") = "MLS.BlockController.Tests", "src\block-controller\MLS.BlockController.Tests\MLS.BlockController.Tests.csproj", "{E1BE53A4-8671-45C7-9235-E0C840351822}"
EndProject
Project("{2150E333-8FDC-42A3-9474-1A3956D46DE8}") = "designer", "designer", "{A1F3C2D5-8B4E-4A7F-B1D2-3E5F6A7B8C9D}"
EndProject
Project("{FAE04EC0-301F-11D3-BF4B-00C04F79EFBC}") = "MLS.Designer", "src\modules\designer\MLS.Designer\MLS.Designer.csproj", "{B2E4D6F8-1A3C-5E7F-9B2D-4F6A8C0E2B4D}"
EndProject
Project("{FAE04EC0-301F-11D3-BF4B-00C04F79EFBC}") = "MLS.Designer.Tests", "src\modules\designer\MLS.Designer.Tests\MLS.Designer.Tests.csproj", "{C3F5E7A9-2B4D-6F8A-0C3E-5A7B9D1F3E5A}"
EndProject
Project("{2150E333-8FDC-42A3-9474-1A3956D46DE8}") = "ai-hub", "ai-hub", "{D4E6F8A0-3C5E-7A9C-1D4F-6A8B0C2E4F6A}"
EndProject
Project("{FAE04EC0-301F-11D3-BF4B-00C04F79EFBC}") = "MLS.AIHub", "src\modules\ai-hub\MLS.AIHub\MLS.AIHub.csproj", "{E5F7A9B1-4D6F-8B0D-2E5A-7C9D1E3F5A7B}"
EndProject
Project("{FAE04EC0-301F-11D3-BF4B-00C04F79EFBC}") = "MLS.AIHub.Tests", "src\modules\ai-hub\MLS.AIHub.Tests\MLS.AIHub.Tests.csproj", "{F6A8B0C2-5E7A-9C1E-3F6B-8D0E2F4A6B8C}"
EndProject
Global
	GlobalSection(SolutionConfigurationPlatforms) = preSolution
		Debug|Any CPU = Debug|Any CPU
		Debug|x64 = Debug|x64
		Debug|x86 = Debug|x86
		Release|Any CPU = Release|Any CPU
		Release|x64 = Release|x64
		Release|x86 = Release|x86
	EndGlobalSection
	GlobalSection(ProjectConfigurationPlatforms) = postSolution
		{D894C39F-18A8-4BEA-ACDD-6C7DBD796E59}.Debug|Any CPU.ActiveCfg = Debug|Any CPU
		{D894C39F-18A8-4BEA-ACDD-6C7DBD796E59}.Debug|Any CPU.Build.0 = Debug|Any CPU
		{D894C39F-18A8-4BEA-ACDD-6C7DBD796E59}.Debug|x64.ActiveCfg = Debug|Any CPU
		{D894C39F-18A8-4BEA-ACDD-6C7DBD796E59}.Debug|x64.Build.0 = Debug|Any CPU
		{D894C39F-18A8-4BEA-ACDD-6C7DBD796E59}.Debug|x86.ActiveCfg = Debug|Any CPU
		{D894C39F-18A8-4BEA-ACDD-6C7DBD796E59}.Debug|x86.Build.0 = Debug|Any CPU
		{D894C39F-18A8-4BEA-ACDD-6C7DBD796E59}.Release|Any CPU.ActiveCfg = Release|Any CPU
		{D894C39F-18A8-4BEA-ACDD-6C7DBD796E59}.Release|Any CPU.Build.0 = Release|Any CPU
		{D894C39F-18A8-4BEA-ACDD-6C7DBD796E59}.Release|x64.ActiveCfg = Release|Any CPU
		{D894C39F-18A8-4BEA-ACDD-6C7DBD796E59}.Release|x64.Build.0 = Release|Any CPU
		{D894C39F-18A8-4BEA-ACDD-6C7DBD796E59}.Release|x86.ActiveCfg = Release|Any CPU
		{D894C39F-18A8-4BEA-ACDD-6C7DBD796E59}.Release|x86.Build.0 = Release|Any CPU
		{834D6ADD-77AA-4737-B3D8-0003BDC5AA21}.Debug|Any CPU.ActiveCfg = Debug|Any CPU
		{834D6ADD-77AA-4737-B3D8-0003BDC5AA21}.Debug|Any CPU.Build.0 = Debug|Any CPU
		{834D6ADD-77AA-4737-B3D8-0003BDC5AA21}.Debug|x64.ActiveCfg = Debug|Any CPU
		{834D6ADD-77AA-4737-B3D8-0003BDC5AA21}.Debug|x64.Build.0 = Debug|Any CPU
		{834D6ADD-77AA-4737-B3D8-0003BDC5AA21}.Debug|x86.ActiveCfg = Debug|Any CPU
		{834D6ADD-77AA-4737-B3D8-0003BDC5AA21}.Debug|x86.Build.0 = Debug|Any CPU
		{834D6ADD-77AA-4737-B3D8-0003BDC5AA21}.Release|Any CPU.ActiveCfg = Release|Any CPU
		{834D6ADD-77AA-4737-B3D8-0003BDC5AA21}.Release|Any CPU.Build.0 = Release|Any CPU
		{834D6ADD-77AA-4737-B3D8-0003BDC5AA21}.Release|x64.ActiveCfg = Release|Any CPU
		{834D6ADD-77AA-4737-B3D8-0003BDC5AA21}.Release|x64.Build.0 = Release|Any CPU
		{834D6ADD-77AA-4737-B3D8-0003BDC5AA21}.Release|x86.ActiveCfg = Release|Any CPU
		{834D6ADD-77AA-4737-B3D8-0003BDC5AA21}.Release|x86.Build.0 = Release|Any CPU
		{8A24EE83-73E3-4617-B11F-A2389412ABD5}.Debug|Any CPU.ActiveCfg = Debug|Any CPU
		{8A24EE83-73E3-4617-B11F-A2389412ABD5}.Debug|Any CPU.Build.0 = Debug|Any CPU
		{8A24EE83-73E3-4617-B11F-A2389412ABD5}.Debug|x64.ActiveCfg = Debug|Any CPU
		{8A24EE83-73E3-4617-B11F-A2389412ABD5}.Debug|x64.Build.0 = Debug|Any CPU
		{8A24EE83-73E3-4617-B11F-A2389412ABD5}.Debug|x86.ActiveCfg = Debug|Any CPU
		{8A24EE83-73E3-4617-B11F-A2389412ABD5}.Debug|x86.Build.0 = Debug|Any CPU
		{8A24EE83-73E3-4617-B11F-A2389412ABD5}.Release|Any CPU.ActiveCfg = Release|Any CPU
		{8A24EE83-73E3-4617-B11F-A2389412ABD5}.Release|Any CPU.Build.0 = Release|Any CPU
		{8A24EE83-73E3-4617-B11F-A2389412ABD5}.Release|x64.ActiveCfg = Release|Any CPU
		{8A24EE83-73E3-4617-B11F-A2389412ABD5}.Release|x64.Build.0 = Release|Any CPU
		{8A24EE83-73E3-4617-B11F-A2389412ABD5}.Release|x86.ActiveCfg = Release|Any CPU
		{8A24EE83-73E3-4617-B11F-A2389412ABD5}.Release|x86.Build.0 = Release|Any CPU
		{E1BE53A4-8671-45C7-9235-E0C840351822}.Debug|Any CPU.ActiveCfg = Debug|Any CPU
		{E1BE53A4-8671-45C7-9235-E0C840351822}.Debug|Any CPU.Build.0 = Debug|Any CPU
		{E1BE53A4-8671-45C7-9235-E0C840351822}.Debug|x64.ActiveCfg = Debug|Any CPU
		{E1BE53A4-8671-45C7-9235-E0C840351822}.Debug|x64.Build.0 = Debug|Any CPU
		{E1BE53A4-8671-45C7-9235-E0C840351822}.Debug|x86.ActiveCfg = Debug|Any CPU
		{E1BE53A4-8671-45C7-9235-E0C840351822}.Debug|x86.Build.0 = Debug|Any CPU
		{E1BE53A4-8671-45C7-9235-E0C840351822}.Release|Any CPU.ActiveCfg = Release|Any CPU
		{E1BE53A4-8671-45C7-9235-E0C840351822}.Release|Any CPU.Build.0 = Release|Any CPU
		{E1BE53A4-8671-45C7-9235-E0C840351822}.Release|x64.ActiveCfg = Release|Any CPU
		{E1BE53A4-8671-45C7-9235-E0C840351822}.Release|x64.Build.0 = Release|Any CPU
		{E1BE53A4-8671-45C7-9235-E0C840351822}.Release|x86.ActiveCfg = Release|Any CPU
		{E1BE53A4-8671-45C7-9235-E0C840351822}.Release|x86.Build.0 = Release|Any CPU
		{B2E4D6F8-1A3C-5E7F-9B2D-4F6A8C0E2B4D}.Debug|Any CPU.ActiveCfg = Debug|Any CPU
		{B2E4D6F8-1A3C-5E7F-9B2D-4F6A8C0E2B4D}.Debug|Any CPU.Build.0 = Debug|Any CPU
		{B2E4D6F8-1A3C-5E7F-9B2D-4F6A8C0E2B4D}.Debug|x64.ActiveCfg = Debug|Any CPU
		{B2E4D6F8-1A3C-5E7F-9B2D-4F6A8C0E2B4D}.Debug|x64.Build.0 = Debug|Any CPU
		{B2E4D6F8-1A3C-5E7F-9B2D-4F6A8C0E2B4D}.Debug|x86.ActiveCfg = Debug|Any CPU
		{B2E4D6F8-1A3C-5E7F-9B2D-4F6A8C0E2B4D}.Debug|x86.Build.0 = Debug|Any CPU
		{B2E4D6F8-1A3C-5E7F-9B2D-4F6A8C0E2B4D}.Release|Any CPU.ActiveCfg = Release|Any CPU
		{B2E4D6F8-1A3C-5E7F-9B2D-4F6A8C0E2B4D}.Release|Any CPU.Build.0 = Release|Any CPU
		{B2E4D6F8-1A3C-5E7F-9B2D-4F6A8C0E2B4D}.Release|x64.ActiveCfg = Release|Any CPU
		{B2E4D6F8-1A3C-5E7F-9B2D-4F6A8C0E2B4D}.Release|x64.Build.0 = Release|Any CPU
		{B2E4D6F8-1A3C-5E7F-9B2D-4F6A8C0E2B4D}.Release|x86.ActiveCfg = Release|Any CPU
		{B2E4D6F8-1A3C-5E7F-9B2D-4F6A8C0E2B4D}.Release|x86.Build.0 = Release|Any CPU
		{C3F5E7A9-2B4D-6F8A-0C3E-5A7B9D1F3E5A}.Debug|Any CPU.ActiveCfg = Debug|Any CPU
		{C3F5E7A9-2B4D-6F8A-0C3E-5A7B9D1F3E5A}.Debug|Any CPU.Build.0 = Debug|Any CPU
		{C3F5E7A9-2B4D-6F8A-0C3E-5A7B9D1F3E5A}.Debug|x64.ActiveCfg = Debug|Any CPU
		{C3F5E7A9-2B4D-6F8A-0C3E-5A7B9D1F3E5A}.Debug|x64.Build.0 = Debug|Any CPU
		{C3F5E7A9-2B4D-6F8A-0C3E-5A7B9D1F3E5A}.Debug|x86.ActiveCfg = Debug|Any CPU
		{C3F5E7A9-2B4D-6F8A-0C3E-5A7B9D1F3E5A}.Debug|x86.Build.0 = Debug|Any CPU
		{C3F5E7A9-2B4D-6F8A-0C3E-5A7B9D1F3E5A}.Release|Any CPU.ActiveCfg = Release|Any CPU
		{C3F5E7A9-2B4D-6F8A-0C3E-5A7B9D1F3E5A}.Release|Any CPU.Build.0 = Release|Any CPU
		{C3F5E7A9-2B4D-6F8A-0C3E-5A7B9D1F3E5A}.Release|x64.ActiveCfg = Release|Any CPU
		{C3F5E7A9-2B4D-6F8A-0C3E-5A7B9D1F3E5A}.Release|x64.Build.0 = Release|Any CPU
		{C3F5E7A9-2B4D-6F8A-0C3E-5A7B9D1F3E5A}.Release|x86.ActiveCfg = Release|Any CPU
		{C3F5E7A9-2B4D-6F8A-0C3E-5A7B9D1F3E5A}.Release|x86.Build.0 = Release|Any CPU
		{E5F7A9B1-4D6F-8B0D-2E5A-7C9D1E3F5A7B}.Debug|Any CPU.ActiveCfg = Debug|Any CPU
		{E5F7A9B1-4D6F-8B0D-2E5A-7C9D1E3F5A7B}.Debug|Any CPU.Build.0 = Debug|Any CPU
		{E5F7A9B1-4D6F-8B0D-2E5A-7C9D1E3F5A7B}.Debug|x64.ActiveCfg = Debug|Any CPU
		{E5F7A9B1-4D6F-8B0D-2E5A-7C9D1E3F5A7B}.Debug|x64.Build.0 = Debug|Any CPU
		{E5F7A9B1-4D6F-8B0D-2E5A-7C9D1E3F5A7B}.Debug|x86.ActiveCfg = Debug|Any CPU
		{E5F7A9B1-4D6F-8B0D-2E5A-7C9D1E3F5A7B}.Debug|x86.Build.0 = Debug|Any CPU
		{E5F7A9B1-4D6F-8B0D-2E5A-7C9D1E3F5A7B}.Release|Any CPU.ActiveCfg = Release|Any CPU
		{E5F7A9B1-4D6F-8B0D-2E5A-7C9D1E3F5A7B}.Release|Any CPU.Build.0 = Release|Any CPU
		{E5F7A9B1-4D6F-8B0D-2E5A-7C9D1E3F5A7B}.Release|x64.ActiveCfg = Release|Any CPU
		{E5F7A9B1-4D6F-8B0D-2E5A-7C9D1E3F5A7B}.Release|x64.Build.0 = Release|Any CPU
		{E5F7A9B1-4D6F-8B0D-2E5A-7C9D1E3F5A7B}.Release|x86.ActiveCfg = Release|Any CPU
		{E5F7A9B1-4D6F-8B0D-2E5A-7C9D1E3F5A7B}.Release|x86.Build.0 = Release|Any CPU
		{F6A8B0C2-5E7A-9C1E-3F6B-8D0E2F4A6B8C}.Debug|Any CPU.ActiveCfg = Debug|Any CPU
		{F6A8B0C2-5E7A-9C1E-3F6B-8D0E2F4A6B8C}.Debug|Any CPU.Build.0 = Debug|Any CPU
		{F6A8B0C2-5E7A-9C1E-3F6B-8D0E2F4A6B8C}.Debug|x64.ActiveCfg = Debug|Any CPU
		{F6A8B0C2-5E7A-9C1E-3F6B-8D0E2F4A6B8C}.Debug|x64.Build.0 = Debug|Any CPU
		{F6A8B0C2-5E7A-9C1E-3F6B-8D0E2F4A6B8C}.Debug|x86.ActiveCfg = Debug|Any CPU
		{F6A8B0C2-5E7A-9C1E-3F6B-8D0E2F4A6B8C}.Debug|x86.Build.0 = Debug|Any CPU
		{F6A8B0C2-5E7A-9C1E-3F6B-8D0E2F4A6B8C}.Release|Any CPU.ActiveCfg = Release|Any CPU
		{F6A8B0C2-5E7A-9C1E-3F6B-8D0E2F4A6B8C}.Release|Any CPU.Build.0 = Release|Any CPU
		{F6A8B0C2-5E7A-9C1E-3F6B-8D0E2F4A6B8C}.Release|x64.ActiveCfg = Release|Any CPU
		{F6A8B0C2-5E7A-9C1E-3F6B-8D0E2F4A6B8C}.Release|x64.Build.0 = Release|Any CPU
		{F6A8B0C2-5E7A-9C1E-3F6B-8D0E2F4A6B8C}.Release|x86.ActiveCfg = Release|Any CPU
		{F6A8B0C2-5E7A-9C1E-3F6B-8D0E2F4A6B8C}.Release|x86.Build.0 = Release|Any CPU
	EndGlobalSection
	GlobalSection(SolutionProperties) = preSolution
		HideSolutionNode = FALSE
	EndGlobalSection
	GlobalSection(NestedProjects) = preSolution
		{8D626EA8-CB54-BC41-363A-217881BEBA6E} = {827E0CD3-B72D-47B6-A68D-7590B98EB39B}
		{D894C39F-18A8-4BEA-ACDD-6C7DBD796E59} = {8D626EA8-CB54-BC41-363A-217881BEBA6E}
		{834D6ADD-77AA-4737-B3D8-0003BDC5AA21} = {8D626EA8-CB54-BC41-363A-217881BEBA6E}
		{8F507BB6-8C32-52F1-3AF0-D5ED6F9D4650} = {827E0CD3-B72D-47B6-A68D-7590B98EB39B}
		{8A24EE83-73E3-4617-B11F-A2389412ABD5} = {8F507BB6-8C32-52F1-3AF0-D5ED6F9D4650}
		{E1BE53A4-8671-45C7-9235-E0C840351822} = {8F507BB6-8C32-52F1-3AF0-D5ED6F9D4650}
		{A1F3C2D5-8B4E-4A7F-B1D2-3E5F6A7B8C9D} = {827E0CD3-B72D-47B6-A68D-7590B98EB39B}
		{B2E4D6F8-1A3C-5E7F-9B2D-4F6A8C0E2B4D} = {A1F3C2D5-8B4E-4A7F-B1D2-3E5F6A7B8C9D}
		{C3F5E7A9-2B4D-6F8A-0C3E-5A7B9D1F3E5A} = {A1F3C2D5-8B4E-4A7F-B1D2-3E5F6A7B8C9D}
		{D4E6F8A0-3C5E-7A9C-1D4F-6A8B0C2E4F6A} = {827E0CD3-B72D-47B6-A68D-7590B98EB39B}
		{E5F7A9B1-4D6F-8B0D-2E5A-7C9D1E3F5A7B} = {D4E6F8A0-3C5E-7A9C-1D4F-6A8B0C2E4F6A}
		{F6A8B0C2-5E7A-9C1E-3F6B-8D0E2F4A6B8C} = {D4E6F8A0-3C5E-7A9C-1D4F-6A8B0C2E4F6A}
	EndGlobalSection
EndGlobal
